dependencies:
  espressif/cmake_utilities:
    dependencies: []
    source:
      path: /home/kenneth/test_repos/t4-s3_base-apps/external/hal_bsp/managed_components/espressif__cmake_utilities
      type: local
    version: 1.1.1
  idf:
    source:
      type: idf
    version: 5.5.1
direct_dependencies:
- espressif/cmake_utilities
- idf
manifest_hash: af7e6477c7194997ac2c7cf2753179eac419e72cc9810364e22408fe4ee9e7bb
target: esp32s3
version: 2.0.0
